
Microsoft Visual Studio Solution File, Format Version 12.00
# Visual Studio 15
VisualStudioVersion = 15.0.27703.2047
MinimumVisualStudioVersion = 10.0.40219.1
Project("{FAE04EC0-301F-11D3-BF4B-00C04F79EFBC}") = "ConADO_Example5.1", "ConADO_Example5.1\ConADO_Example5.1.csproj", "{61A55274-0E43-41CE-936D-B27F363624BC}"
EndProject
Global
	GlobalSection(SolutionConfigurationPlatforms) = preSolution
		Debug|Any CPU = Debug|Any CPU
		Release|Any CPU = Release|Any CPU
	EndGlobalSection
	GlobalSection(ProjectConfigurationPlatforms) = postSolution
		{61A55274-0E43-41CE-936D-B27F363624BC}.Debug|Any CPU.ActiveCfg = Debug|Any CPU
		{61A55274-0E43-41CE-936D-B27F363624BC}.Debug|Any CPU.Build.0 = Debug|Any CPU
		{61A55274-0E43-41CE-936D-B27F363624BC}.Release|Any CPU.ActiveCfg = Release|Any CPU
		{61A55274-0E43-41CE-936D-B27F363624BC}.Release|Any CPU.Build.0 = Release|Any CPU
	EndGlobalSection
	GlobalSection(SolutionProperties) = preSolution
		HideSolutionNode = FALSE
	EndGlobalSection
	GlobalSection(ExtensibilityGlobals) = postSolution
		SolutionGuid = {5DED73D2-CBEA-4B6C-BD36-585440734663}
	EndGlobalSection
EndGlobal
